<?xml version="1.0" encoding="utf-8"?>
<Project ToolsVersion="4.0" xmlns="http://schemas.microsoft.com/developer/msbuild/2003">
  <ItemGroup>
    <Filter Include="소스 파일">
      <UniqueIdentifier>{4FC737F1-C7A5-4376-A066-2A32D752A2FF}</UniqueIdentifier>
      <Extensions>cpp;c;cc;cxx;c++;cppm;ixx;def;odl;idl;hpj;bat;asm;asmx</Extensions>
    </Filter>
    <Filter Include="헤더 파일">
      <UniqueIdentifier>{93995380-89BD-4b04-88EB-625FBE52EBFB}</UniqueIdentifier>
      <Extensions>h;hh;hpp;hxx;h++;hm;inl;inc;ipp;xsd</Extensions>
    </Filter>
    <Filter Include="리소스 파일">
      <UniqueIdentifier>{67DA6AB6-F800-4c08-8B7A-83BB121AAD01}</UniqueIdentifier>
      <Extensions>rc;ico;cur;bmp;dlg;rc2;rct;bin;rgs;gif;jpg;jpeg;jpe;resx;tiff;tif;png;wav;mfcribbon-ms</Extensions>
    </Filter>
    <Filter Include="헤더 파일\Fixed Step Solver">
      <UniqueIdentifier>{a20b4e4a-51ba-4c14-867e-df3b252c401c}</UniqueIdentifier>
    </Filter>
    <Filter Include="소스 파일\Fixed Step Solver">
      <UniqueIdentifier>{9573f4b0-08a8-43bd-870f-ff4ac7d91738}</UniqueIdentifier>
    </Filter>
  </ItemGroup>
  <ItemGroup>
    <ClCompile Include="main.cpp">
      <Filter>소스 파일</Filter>
    </ClCompile>
    <ClCompile Include="Solver.cpp">
      <Filter>소스 파일</Filter>
    </ClCompile>
    <ClCompile Include="Vector.cpp">
      <Filter>소스 파일</Filter>
    </ClCompile>
    <ClCompile Include="FixedStepSolver.cpp">
      <Filter>소스 파일\Fixed Step Solver</Filter>
    </ClCompile>
    <ClCompile Include="Euler.cpp">
      <Filter>소스 파일\Fixed Step Solver</Filter>
    </ClCompile>
    <ClCompile Include="RungeKutta.cpp">
      <Filter>소스 파일\Fixed Step Solver</Filter>
    </ClCompile>
  </ItemGroup>
  <ItemGroup>
    <ClInclude Include="Solver.h">
      <Filter>헤더 파일</Filter>
    </ClInclude>
    <ClInclude Include="Vector.h">
      <Filter>헤더 파일</Filter>
    </ClInclude>
    <ClInclude Include="FixedStepSolver.h">
      <Filter>헤더 파일\Fixed Step Solver</Filter>
    </ClInclude>
    <ClInclude Include="Euler.h">
      <Filter>헤더 파일\Fixed Step Solver</Filter>
    </ClInclude>
    <ClInclude Include="RungeKutta.h">
      <Filter>헤더 파일\Fixed Step Solver</Filter>
    </ClInclude>
  </ItemGroup>
  <ItemGroup>
    <None Include="ClassDiagram.cd" />
  </ItemGroup>
  <ItemGroup>
    <Text Include="data.csv">
      <Filter>리소스 파일</Filter>
    </Text>
  </ItemGroup>
</Project>